// !$*UTF8*$!
{
	archiveVersion = 1;
	classes = {
	};
	objectVersion = 50;
	objects = {

/* Begin PBXBuildFile section */
		B6762CBB26BB611F00E9A21F /* AppDelegate.swift in Sources */ = {isa = PBXBuildFile; fileRef = B6762CBA26BB611F00E9A21F /* AppDelegate.swift */; };
		B6762CBD26BB611F00E9A21F /* SceneDelegate.swift in Sources */ = {isa = PBXBuildFile; fileRef = B6762CBC26BB611F00E9A21F /* SceneDelegate.swift */; };
		B6762CBF26BB611F00E9A21F /* ViewController.swift in Sources */ = {isa = PBXBuildFile; fileRef = B6762CBE26BB611F00E9A21F /* ViewController.swift */; };
		B6762CC226BB611F00E9A21F /* Main.storyboard in Resources */ = {isa = PBXBuildFile; fileRef = B6762CC026BB611F00E9A21F /* Main.storyboard */; };
		B6762CC526BB611F00E9A21F /* Tippin.xcdatamodeld in Sources */ = {isa = PBXBuildFile; fileRef = B6762CC326BB611F00E9A21F /* Tippin.xcdatamodeld */; };
		B6762CC726BB612600E9A21F /* Assets.xcassets in Resources */ = {isa = PBXBuildFile; fileRef = B6762CC626BB612600E9A21F /* Assets.xcassets */; };
		B6762CCA26BB612600E9A21F /* LaunchScreen.storyboard in Resources */ = {isa = PBXBuildFile; fileRef = B6762CC826BB612600E9A21F /* LaunchScreen.storyboard */; };
		B6762CD526BB612600E9A21F /* TippinTests.swift in Sources */ = {isa = PBXBuildFile; fileRef = B6762CD426BB612600E9A21F /* TippinTests.swift */; };
		B6762CE026BB612700E9A21F /* TippinUITests.swift in Sources */ = {isa = PBXBuildFile; fileRef = B6762CDF26BB612700E9A21F /* TippinUITests.swift */; };
/* End PBXBuildFile section */

/* Begin PBXContainerItemProxy section */
		B6762CD126BB612600E9A21F /* PBXContainerItemProxy */ = {
			isa = PBXContainerItemProxy;
			containerPortal = B6762CAF26BB611F00E9A21F /* Project object */;
			proxyType = 1;
			remoteGlobalIDString = B6762CB626BB611F00E9A21F;
			remoteInfo = Tippin;
		};
		B6762CDC26BB612700E9A21F /* PBXContainerItemProxy */ = {
			isa = PBXContainerItemProxy;
			containerPortal = B6762CAF26BB611F00E9A21F /* Project object */;
			proxyType = 1;
			remoteGlobalIDString = B6762CB626BB611F00E9A21F;
			remoteInfo = Tippin;
		};
/* End PBXContainerItemProxy section */

/* Begin PBXFileReference section */
		B6762CB726BB611F00E9A21F /* Tippin.app */ = {isa = PBXFileReference; explicitFileType = wrapper.application; includeInIndex = 0; path = Tippin.app; sourceTree = BUILT_PRODUCTS_DIR; };
		B6762CBA26BB611F00E9A21F /* AppDelegate.swift */ = {isa = PBXFileReference; lastKnownFileType = sourcecode.swift; path = AppDelegate.swift; sourceTree = "<group>"; };
		B6762CBC26BB611F00E9A21F /* SceneDelegate.swift */ = {isa = PBXFileReference; lastKnownFileType = sourcecode.swift; path = SceneDelegate.swift; sourceTree = "<group>"; };
		B6762CBE26BB611F00E9A21F /* ViewController.swift */ = {isa = PBXFileReference; lastKnownFileType = sourcecode.swift; path = ViewController.swift; sourceTree = "<group>"; };
		B6762CC126BB611F00E9A21F /* Base */ = {isa = PBXFileReference; lastKnownFileType = file.storyboard; name = Base; path = Base.lproj/Main.storyboard; sourceTree = "<group>"; };
		B6762CC426BB611F00E9A21F /* Tippin.xcdatamodel */ = {isa = PBXFileReference; lastKnownFileType = wrapper.xcdatamodel; path = Tippin.xcdatamodel; sourceTree = "<group>"; };
		B6762CC626BB612600E9A21F /* Assets.xcassets */ = {isa = PBXFileReference; lastKnownFileType = folder.assetcatalog; path = Assets.xcassets; sourceTree = "<group>"; };
		B6762CC926BB612600E9A21F /* Base */ = {isa = PBXFileReference; lastKnownFileType = file.storyboard; name = Base; path = Base.lproj/LaunchScreen.storyboard; sourceTree = "<group>"; };
		B6762CCB26BB612600E9A21F /* Info.plist */ = {isa = PBXFileReference; lastKnownFileType = text.plist.xml; path = Info.plist; sourceTree = "<group>"; };
		B6762CD026BB612600E9A21F /* TippinTests.xctest */ = {isa = PBXFileReference; explicitFileType = wrapper.cfbundle; includeInIndex = 0; path = TippinTests.xctest; sourceTree = BUILT_PRODUCTS_DIR; };
		B6762CD426BB612600E9A21F /* TippinTests.swift */ = {isa = PBXFileReference; lastKnownFileType = sourcecode.swift; path = TippinTests.swift; sourceTree = "<group>"; };
		B6762CD626BB612600E9A21F /* Info.plist */ = {isa = PBXFileReference; lastKnownFileType = text.plist.xml; path = Info.plist; sourceTree = "<group>"; };
		B6762CDB26BB612700E9A21F /* TippinUITests.xctest */ = {isa = PBXFileReference; explicitFileType = wrapper.cfbundle; includeInIndex = 0; path = TippinUITests.xctest; sourceTree = BUILT_PRODUCTS_DIR; };
		B6762CDF26BB612700E9A21F /* TippinUITests.swift */ = {isa = PBXFileReference; lastKnownFileType = sourcecode.swift; path = TippinUITests.swift; sourceTree = "<group>"; };
		B6762CE126BB612700E9A21F /* Info.plist */ = {isa = PBXFileReference; lastKnownFileType = text.plist.xml; path = Info.plist; sourceTree = "<group>"; };
/* End PBXFileReference section */

/* Begin PBXFrameworksBuildPhase section */
		B6762CB426BB611F00E9A21F /* Frameworks */ = {
			isa = PBXFrameworksBuildPhase;
			buildActionMask = 2147483647;
			files = (
			);
			runOnlyForDeploymentPostprocessing = 0;
		};
		B6762CCD26BB612600E9A21F /* Frameworks */ = {
			isa = PBXFrameworksBuildPhase;
			buildActionMask = 2147483647;
			files = (
			);
			runOnlyForDeploymentPostprocessing = 0;
		};
		B6762CD826BB612700E9A21F /* Frameworks */ = {
			isa = PBXFrameworksBuildPhase;
			buildActionMask = 2147483647;
			files = (
			);
			runOnlyForDeploymentPostprocessing = 0;
		};
/* End PBXFrameworksBuildPhase section */

/* Begin PBXGroup section */
		B6762CAE26BB611F00E9A21F = {
			isa = PBXGroup;
			children = (
				B6762CB926BB611F00E9A21F /* Tippin */,
				B6762CD326BB612600E9A21F /* TippinTests */,
				B6762CDE26BB612700E9A21F /* TippinUITests */,
				B6762CB826BB611F00E9A21F /* Products */,
			);
			sourceTree = "<group>";
		};
		B6762CB826BB611F00E9A21F /* Products */ = {
			isa = PBXGroup;
			children = (
				B6762CB726BB611F00E9A21F /* Tippin.app */,
				B6762CD026BB612600E9A21F /* TippinTests.xctest */,
				B6762CDB26BB612700E9A21F /* TippinUITests.xctest */,
			);
			name = Products;
			sourceTree = "<group>";
		};
		B6762CB926BB611F00E9A21F /* Tippin */ = {
			isa = PBXGroup;
			children = (
				B6762CBA26BB611F00E9A21F /* AppDelegate.swift */,
				B6762CBC26BB611F00E9A21F /* SceneDelegate.swift */,
				B6762CBE26BB611F00E9A21F /* ViewController.swift */,
				B6762CC026BB611F00E9A21F /* Main.storyboard */,
				B6762CC626BB612600E9A21F /* Assets.xcassets */,
				B6762CC826BB612600E9A21F /* LaunchScreen.storyboard */,
				B6762CCB26BB612600E9A21F /* Info.plist */,
				B6762CC326BB611F00E9A21F /* Tippin.xcdatamodeld */,
			);
			path = Tippin;
			sourceTree = "<group>";
		};
		B6762CD326BB612600E9A21F /* TippinTests */ = {
			isa = PBXGroup;
			children = (
				B6762CD426BB612600E9A21F /* TippinTests.swift */,
				B6762CD626BB612600E9A21F /* Info.plist */,
			);
			path = TippinTests;
			sourceTree = "<group>";
		};
		B6762CDE26BB612700E9A21F /* TippinUITests */ = {
			isa = PBXGroup;
			children = (
				B6762CDF26BB612700E9A21F /* TippinUITests.swift */,
				B6762CE126BB612700E9A21F /* Info.plist */,
			);
			path = TippinUITests;
			sourceTree = "<group>";
		};
/* End PBXGroup section */

/* Begin PBXNativeTarget section */
		B6762CB626BB611F00E9A21F /* Tippin */ = {
			isa = PBXNativeTarget;
			buildConfigurationList = B6762CE426BB612700E9A21F /* Build configuration list for PBXNativeTarget "Tippin" */;
			buildPhases = (
				B6762CB326BB611F00E9A21F /* Sources */,
				B6762CB426BB611F00E9A21F /* Frameworks */,
				B6762CB526BB611F00E9A21F /* Resources */,
			);
			buildRules = (
			);
			dependencies = (
			);
			name = Tippin;
			productName = Tippin;
			productReference = B6762CB726BB611F00E9A21F /* Tippin.app */;
			productType = "com.apple.product-type.application";
		};
		B6762CCF26BB612600E9A21F /* TippinTests */ = {
			isa = PBXNativeTarget;
			buildConfigurationList = B6762CE726BB612700E9A21F /* Build configuration list for PBXNativeTarget "TippinTests" */;
			buildPhases = (
				B6762CCC26BB612600E9A21F /* Sources */,
				B6762CCD26BB612600E9A21F /* Frameworks */,
				B6762CCE26BB612600E9A21F /* Resources */,
			);
			buildRules = (
			);
			dependencies = (
				B6762CD226BB612600E9A21F /* PBXTargetDependency */,
			);
			name = TippinTests;
			productName = TippinTests;
			productReference = B6762CD026BB612600E9A21F /* TippinTests.xctest */;
			productType = "com.apple.product-type.bundle.unit-test";
		};
		B6762CDA26BB612700E9A21F /* TippinUITests */ = {
			isa = PBXNativeTarget;
			buildConfigurationList = B6762CEA26BB612700E9A21F /* Build configuration list for PBXNativeTarget "TippinUITests" */;
			buildPhases = (
				B6762CD726BB612700E9A21F /* Sources */,
				B6762CD826BB612700E9A21F /* Frameworks */,
				B6762CD926BB612700E9A21F /* Resources */,
			);
			buildRules = (
			);
			dependencies = (
				B6762CDD26BB612700E9A21F /* PBXTargetDependency */,
			);
			name = TippinUITests;
			productName = TippinUITests;
			productReference = B6762CDB26BB612700E9A21F /* TippinUITests.xctest */;
			productType = "com.apple.product-type.bundle.ui-testing";
		};
/* End PBXNativeTarget section */

/* Begin PBXProject section */
		B6762CAF26BB611F00E9A21F /* Project object */ = {
			isa = PBXProject;
			attributes = {
				LastSwiftUpdateCheck = 1250;
				LastUpgradeCheck = 1250;
				TargetAttributes = {
					B6762CB626BB611F00E9A21F = {
						CreatedOnToolsVersion = 12.5.1;
					};
					B6762CCF26BB612600E9A21F = {
						CreatedOnToolsVersion = 12.5.1;
						TestTargetID = B6762CB626BB611F00E9A21F;
					};
					B6762CDA26BB612700E9A21F = {
						CreatedOnToolsVersion = 12.5.1;
						TestTargetID = B6762CB626BB611F00E9A21F;
					};
				};
			};
			buildConfigurationList = B6762CB226BB611F00E9A21F /* Build configuration list for PBXProject "Tippin" */;
			compatibilityVersion = "Xcode 9.3";
			developmentRegion = en;
			hasScannedForEncodings = 0;
			knownRegions = (
				en,
				Base,
			);
			mainGroup = B6762CAE26BB611F00E9A21F;
			productRefGroup = B6762CB826BB611F00E9A21F /* Products */;
			projectDirPath = "";
			projectRoot = "";
			targets = (
				B6762CB626BB611F00E9A21F /* Tippin */,
				B6762CCF26BB612600E9A21F /* TippinTests */,
				B6762CDA26BB612700E9A21F /* TippinUITests */,
			);
		};
/* End PBXProject section */

/* Begin PBXResourcesBuildPhase section */
		B6762CB526BB611F00E9A21F /* Resources */ = {
			isa = PBXResourcesBuildPhase;
			buildActionMask = 2147483647;
			files = (
				B6762CCA26BB612600E9A21F /* LaunchScreen.storyboard in Resources */,
				B6762CC726BB612600E9A21F /* Assets.xcassets in Resources */,
				B6762CC226BB611F00E9A21F /* Main.storyboard in Resources */,
			);
			runOnlyForDeploymentPostprocessing = 0;
		};
		B6762CCE26BB612600E9A21F /* Resources */ = {
			isa = PBXResourcesBuildPhase;
			buildActionMask = 2147483647;
			files = (
			);
			runOnlyForDeploymentPostprocessing = 0;
		};
		B6762CD926BB612700E9A21F /* Resources */ = {
			isa = PBXResourcesBuildPhase;
			buildActionMask = 2147483647;
			files = (
			);
			runOnlyForDeploymentPostprocessing = 0;
		};
/* End PBXResourcesBuildPhase section */

/* Begin PBXSourcesBuildPhase section */
		B6762CB326BB611F00E9A21F /* Sources */ = {
			isa = PBXSourcesBuildPhase;
			buildActionMask = 2147483647;
			files = (
				B6762CBF26BB611F00E9A21F /* ViewController.swift in Sources */,
				B6762CBB26BB611F00E9A21F /* AppDelegate.swift in Sources */,
				B6762CBD26BB611F00E9A21F /* SceneDelegate.swift in Sources */,
				B6762CC526BB611F00E9A21F /* Tippin.xcdatamodeld in Sources */,
			);
			runOnlyForDeploymentPostprocessing = 0;
		};
		B6762CCC26BB612600E9A21F /* Sources */ = {
			isa = PBXSourcesBuildPhase;
			buildActionMask = 2147483647;
			files = (
				B6762CD526BB612600E9A21F /* TippinTests.swift in Sources */,
			);
			runOnlyForDeploymentPostprocessing = 0;
		};
		B6762CD726BB612700E9A21F /* Sources */ = {
			isa = PBXSourcesBuildPhase;
			buildActionMask = 2147483647;
			files = (
				B6762CE026BB612700E9A21F /* TippinUITests.swift in Sources */,
			);
			runOnlyForDeploymentPostprocessing = 0;
		};
/* End PBXSourcesBuildPhase section */

/* Begin PBXTargetDependency section */
		B6762CD226BB612600E9A21F /* PBXTargetDependency */ = {
			isa = PBXTargetDependency;
			target = B6762CB626BB611F00E9A21F /* Tippin */;
			targetProxy = B6762CD126BB612600E9A21F /* PBXContainerItemProxy */;
		};
		B6762CDD26BB612700E9A21F /* PBXTargetDependency */ = {
			isa = PBXTargetDependency;
			target = B6762CB626BB611F00E9A21F /* Tippin */;
			targetProxy = B6762CDC26BB612700E9A21F /* PBXContainerItemProxy */;
		};
/* End PBXTargetDependency section */

/* Begin PBXVariantGroup section */
		B6762CC026BB611F00E9A21F /* Main.storyboard */ = {
			isa = PBXVariantGroup;
			children = (
				B6762CC126BB611F00E9A21F /* Base */,
			);
			name = Main.storyboard;
			sourceTree = "<group>";
		};
		B6762CC826BB612600E9A21F /* LaunchScreen.storyboard */ = {
			isa = PBXVariantGroup;
			children = (
				B6762CC926BB612600E9A21F /* Base */,
			);
			name = LaunchScreen.storyboard;
			sourceTree = "<group>";
		};
/* End PBXVariantGroup section */

/* Begin XCBuildConfiguration section */
		B6762CE226BB612700E9A21F /* Debug */ = {
			isa = XCBuildConfiguration;
			buildSettings = {
				ALWAYS_SEARCH_USER_PATHS = NO;
				CLANG_ANALYZER_NONNULL = YES;
				CLANG_ANALYZER_NUMBER_OBJECT_CONVERSION = YES_AGGRESSIVE;
				CLANG_CXX_LANGUAGE_STANDARD = "gnu++14";
				CLANG_CXX_LIBRARY = "libc++";
				CLANG_ENABLE_MODULES = YES;
				CLANG_ENABLE_OBJC_ARC = YES;
				CLANG_ENABLE_OBJC_WEAK = YES;
				CLANG_WARN_BLOCK_CAPTURE_AUTORELEASING = YES;
				CLANG_WARN_BOOL_CONVERSION = YES;
				CLANG_WARN_COMMA = YES;
				CLANG_WARN_CONSTANT_CONVERSION = YES;
				CLANG_WARN_DEPRECATED_OBJC_IMPLEMENTATIONS = YES;
				CLANG_WARN_DIRECT_OBJC_ISA_USAGE = YES_ERROR;
				CLANG_WARN_DOCUMENTATION_COMMENTS = YES;
				CLANG_WARN_EMPTY_BODY = YES;
				CLANG_WARN_ENUM_CONVERSION = YES;
				CLANG_WARN_INFINITE_RECURSION = YES;
				CLANG_WARN_INT_CONVERSION = YES;
				CLANG_WARN_NON_LITERAL_NULL_CONVERSION = YES;
				CLANG_WARN_OBJC_IMPLICIT_RETAIN_SELF = YES;
				CLANG_WARN_OBJC_LITERAL_CONVERSION = YES;
				CLANG_WARN_OBJC_ROOT_CLASS = YES_ERROR;
				CLANG_WARN_QUOTED_INCLUDE_IN_FRAMEWORK_HEADER = YES;
				CLANG_WARN_RANGE_LOOP_ANALYSIS = YES;
				CLANG_WARN_STRICT_PROTOTYPES = YES;
				CLANG_WARN_SUSPICIOUS_MOVE = YES;
				CLANG_WARN_UNGUARDED_AVAILABILITY = YES_AGGRESSIVE;
				CLANG_WARN_UNREACHABLE_CODE = YES;
				CLANG_WARN__DUPLICATE_METHOD_MATCH = YES;
				COPY_PHASE_STRIP = NO;
				DEBUG_INFORMATION_FORMAT = dwarf;
				ENABLE_STRICT_OBJC_MSGSEND = YES;
				ENABLE_TESTABILITY = YES;
				GCC_C_LANGUAGE_STANDARD = gnu11;
				GCC_DYNAMIC_NO_PIC = NO;
				GCC_NO_COMMON_BLOCKS = YES;
				GCC_OPTIMIZATION_LEVEL = 0;
				GCC_PREPROCESSOR_DEFINITIONS = (
					"DEBUG=1",
					"$(inherited)",
				);
				GCC_WARN_64_TO_32_BIT_CONVERSION = YES;
				GCC_WARN_ABOUT_RETURN_TYPE = YES_ERROR;
				GCC_WARN_UNDECLARED_SELECTOR = YES;
				GCC_WARN_UNINITIALIZED_AUTOS = YES_AGGRESSIVE;
				GCC_WARN_UNUSED_FUNCTION = YES;
				GCC_WARN_UNUSED_VARIABLE = YES;
				IPHONEOS_DEPLOYMENT_TARGET = 14.5;
				MTL_ENABLE_DEBUG_INFO = INCLUDE_SOURCE;
				MTL_FAST_MATH = YES;
				ONLY_ACTIVE_ARCH = YES;
				SDKROOT = iphoneos;
				SWIFT_ACTIVE_COMPILATION_CONDITIONS = DEBUG;
				SWIFT_OPTIMIZATION_LEVEL = "-Onone";
			};
			name = Debug;
		};
		B6762CE326BB612700E9A21F /* Release */ = {
			isa = XCBuildConfiguration;
			buildSettings = {
				ALWAYS_SEARCH_USER_PATHS = NO;
				CLANG_ANALYZER_NONNULL = YES;
				CLANG_ANALYZER_NUMBER_OBJECT_CONVERSION = YES_AGGRESSIVE;
				CLANG_CXX_LANGUAGE_STANDARD = "gnu++14";
				CLANG_CXX_LIBRARY = "libc++";
				CLANG_ENABLE_MODULES = YES;
				CLANG_ENABLE_OBJC_ARC = YES;
				CLANG_ENABLE_OBJC_WEAK = YES;
				CLANG_WARN_BLOCK_CAPTURE_AUTORELEASING = YES;
				CLANG_WARN_BOOL_CONVERSION = YES;
				CLANG_WARN_COMMA = YES;
				CLANG_WARN_CONSTANT_CONVERSION = YES;
				CLANG_WARN_DEPRECATED_OBJC_IMPLEMENTATIONS = YES;
				CLANG_WARN_DIRECT_OBJC_ISA_USAGE = YES_ERROR;
				CLANG_WARN_DOCUMENTATION_COMMENTS = YES;
				CLANG_WARN_EMPTY_BODY = YES;
				CLANG_WARN_ENUM_CONVERSION = YES;
				CLANG_WARN_INFINITE_RECURSION = YES;
				CLANG_WARN_INT_CONVERSION = YES;
				CLANG_WARN_NON_LITERAL_NULL_CONVERSION = YES;
				CLANG_WARN_OBJC_IMPLICIT_RETAIN_SELF = YES;
				CLANG_WARN_OBJC_LITERAL_CONVERSION = YES;
				CLANG_WARN_OBJC_ROOT_CLASS = YES_ERROR;
				CLANG_WARN_QUOTED_INCLUDE_IN_FRAMEWORK_HEADER = YES;
				CLANG_WARN_RANGE_LOOP_ANALYSIS = YES;
				CLANG_WARN_STRICT_PROTOTYPES = YES;
				CLANG_WARN_SUSPICIOUS_MOVE = YES;
				CLANG_WARN_UNGUARDED_AVAILABILITY = YES_AGGRESSIVE;
				CLANG_WARN_UNREACHABLE_CODE = YES;
				CLANG_WARN__DUPLICATE_METHOD_MATCH = YES;
				COPY_PHASE_STRIP = NO;
				DEBUG_INFORMATION_FORMAT = "dwarf-with-dsym";
				ENABLE_NS_ASSERTIONS = NO;
				ENABLE_STRICT_OBJC_MSGSEND = YES;
				GCC_C_LANGUAGE_STANDARD = gnu11;
				GCC_NO_COMMON_BLOCKS = YES;
				GCC_WARN_64_TO_32_BIT_CONVERSION = YES;
				GCC_WARN_ABOUT_RETURN_TYPE = YES_ERROR;
				GCC_WARN_UNDECLARED_SELECTOR = YES;
				GCC_WARN_UNINITIALIZED_AUTOS = YES_AGGRESSIVE;
				GCC_WARN_UNUSED_FUNCTION = YES;
				GCC_WARN_UNUSED_VARIABLE = YES;
				IPHONEOS_DEPLOYMENT_TARGET = 14.5;
				MTL_ENABLE_DEBUG_INFO = NO;
				MTL_FAST_MATH = YES;
				SDKROOT = iphoneos;
				SWIFT_COMPILATION_MODE = wholemodule;
				SWIFT_OPTIMIZATION_LEVEL = "-O";
				VALIDATE_PRODUCT = YES;
			};
			name = Release;
		};
		B6762CE526BB612700E9A21F /* Debug */ = {
			isa = XCBuildConfiguration;
			buildSettings = {
				ASSETCATALOG_COMPILER_APPICON_NAME = AppIcon;
				ASSETCATALOG_COMPILER_GLOBAL_ACCENT_COLOR_NAME = AccentColor;
				CODE_SIGN_STYLE = Automatic;
				DEVELOPMENT_TEAM = YJTX8R7NX4;
				INFOPLIST_FILE = Tippin/Info.plist;
				LD_RUNPATH_SEARCH_PATHS = (
					"$(inherited)",
					"@executable_path/Frameworks",
				);
				PRODUCT_BUNDLE_IDENTIFIER = UB.Tippin;
				PRODUCT_NAME = "$(TARGET_NAME)";
				SWIFT_VERSION = 5.0;
				TARGETED_DEVICE_FAMILY = "1,2";
			};
			name = Debug;
		};
		B6762CE626BB612700E9A21F /* Release */ = {
			isa = XCBuildConfiguration;
			buildSettings = {
				ASSETCATALOG_COMPILER_APPICON_NAME = AppIcon;
				ASSETCATALOG_COMPILER_GLOBAL_ACCENT_COLOR_NAME = AccentColor;
				CODE_SIGN_STYLE = Automatic;
				DEVELOPMENT_TEAM = YJTX8R7NX4;
				INFOPLIST_FILE = Tippin/Info.plist;
				LD_RUNPATH_SEARCH_PATHS = (
					"$(inherited)",
					"@executable_path/Frameworks",
				);
				PRODUCT_BUNDLE_IDENTIFIER = UB.Tippin;
				PRODUCT_NAME = "$(TARGET_NAME)";
				SWIFT_VERSION = 5.0;
				TARGETED_DEVICE_FAMILY = "1,2";
			};
			name = Release;
		};
		B6762CE826BB612700E9A21F /* Debug */ = {
			isa = XCBuildConfiguration;
			buildSettings = {
				ALWAYS_EMBED_SWIFT_STANDARD_LIBRARIES = YES;
				BUNDLE_LOADER = "$(TEST_HOST)";
				CODE_SIGN_STYLE = Automatic;
				DEVELOPMENT_TEAM = YJTX8R7NX4;
				INFOPLIST_FILE = TippinTests/Info.plist;
				IPHONEOS_DEPLOYMENT_TARGET = 14.5;
				LD_RUNPATH_SEARCH_PATHS = (
					"$(inherited)",
					"@executable_path/Frameworks",
					"@loader_path/Frameworks",
				);
				PRODUCT_BUNDLE_IDENTIFIER = UB.TippinTests;
				PRODUCT_NAME = "$(TARGET_NAME)";
				SWIFT_VERSION = 5.0;
				TARGETED_DEVICE_FAMILY = "1,2";
				TEST_HOST = "$(BUILT_PRODUCTS_DIR)/Tippin.app/Tippin";
			};
			name = Debug;
		};
		B6762CE926BB612700E9A21F /* Release */ = {
			isa = XCBuildConfiguration;
			buildSettings = {
				ALWAYS_EMBED_SWIFT_STANDARD_LIBRARIES = YES;
				BUNDLE_LOADER = "$(TEST_HOST)";
				CODE_SIGN_STYLE = Automatic;
				DEVELOPMENT_TEAM = YJTX8R7NX4;
				INFOPLIST_FILE = TippinTests/Info.plist;
				IPHONEOS_DEPLOYMENT_TARGET = 14.5;
				LD_RUNPATH_SEARCH_PATHS = (
					"$(inherited)",
					"@executable_path/Frameworks",
					"@loader_path/Frameworks",
				);
				PRODUCT_BUNDLE_IDENTIFIER = UB.TippinTests;
				PRODUCT_NAME = "$(TARGET_NAME)";
				SWIFT_VERSION = 5.0;
				TARGETED_DEVICE_FAMILY = "1,2";
				TEST_HOST = "$(BUILT_PRODUCTS_DIR)/Tippin.app/Tippin";
			};
			name = Release;
		};
		B6762CEB26BB612700E9A21F /* Debug */ = {
			isa = XCBuildConfiguration;
			buildSettings = {
				ALWAYS_EMBED_SWIFT_STANDARD_LIBRARIES = YES;
				CODE_SIGN_STYLE = Automatic;
				DEVELOPMENT_TEAM = YJTX8R7NX4;
				INFOPLIST_FILE = TippinUITests/Info.plist;
				LD_RUNPATH_SEARCH_PATHS = (
					"$(inherited)",
					"@executable_path/Frameworks",
					"@loader_path/Frameworks",
				);
				PRODUCT_BUNDLE_IDENTIFIER = UB.TippinUITests;
				PRODUCT_NAME = "$(TARGET_NAME)";
				SWIFT_VERSION = 5.0;
				TARGETED_DEVICE_FAMILY = "1,2";
				TEST_TARGET_NAME = Tippin;
			};
			name = Debug;
		};
		B6762CEC26BB612700E9A21F /* Release */ = {
			isa = XCBuildConfiguration;
			buildSettings = {
				ALWAYS_EMBED_SWIFT_STANDARD_LIBRARIES = YES;
				CODE_SIGN_STYLE = Automatic;
				DEVELOPMENT_TEAM = YJTX8R7NX4;
				INFOPLIST_FILE = TippinUITests/Info.plist;
				LD_RUNPATH_SEARCH_PATHS = (
					"$(inherited)",
					"@executable_path/Frameworks",
					"@loader_path/Frameworks",
				);
				PRODUCT_BUNDLE_IDENTIFIER = UB.TippinUITests;
				PRODUCT_NAME = "$(TARGET_NAME)";
				SWIFT_VERSION = 5.0;
				TARGETED_DEVICE_FAMILY = "1,2";
				TEST_TARGET_NAME = Tippin;
			};
			name = Release;
		};
/* End XCBuildConfiguration section */

/* Begin XCConfigurationList section */
		B6762CB226BB611F00E9A21F /* Build configuration list for PBXProject "Tippin" */ = {
			isa = XCConfigurationList;
			buildConfigurations = (
				B6762CE226BB612700E9A21F /* Debug */,
				B6762CE326BB612700E9A21F /* Release */,
			);
			defaultConfigurationIsVisible = 0;
			defaultConfigurationName = Release;
		};
		B6762CE426BB612700E9A21F /* Build configuration list for PBXNativeTarget "Tippin" */ = {
			isa = XCConfigurationList;
			buildConfigurations = (
				B6762CE526BB612700E9A21F /* Debug */,
				B6762CE626BB612700E9A21F /* Release */,
			);
			defaultConfigurationIsVisible = 0;
			defaultConfigurationName = Release;
		};
		B6762CE726BB612700E9A21F /* Build configuration list for PBXNativeTarget "TippinTests" */ = {
			isa = XCConfigurationList;
			buildConfigurations = (
				B6762CE826BB612700E9A21F /* Debug */,
				B6762CE926BB612700E9A21F /* Release */,
			);
			defaultConfigurationIsVisible = 0;
			defaultConfigurationName = Release;
		};
		B6762CEA26BB612700E9A21F /* Build configuration list for PBXNativeTarget "TippinUITests" */ = {
			isa = XCConfigurationList;
			buildConfigurations = (
				B6762CEB26BB612700E9A21F /* Debug */,
				B6762CEC26BB612700E9A21F /* Release */,
			);
			defaultConfigurationIsVisible = 0;
			defaultConfigurationName = Release;
		};
/* End XCConfigurationList section */

/* Begin XCVersionGroup section */
		B6762CC326BB611F00E9A21F /* Tippin.xcdatamodeld */ = {
			isa = XCVersionGroup;
			children = (
				B6762CC426BB611F00E9A21F /* Tippin.xcdatamodel */,
			);
			currentVersion = B6762CC426BB611F00E9A21F /* Tippin.xcdatamodel */;
			path = Tippin.xcdatamodeld;
			sourceTree = "<group>";
			versionGroupType = wrapper.xcdatamodel;
		};
/* End XCVersionGroup section */
	};
	rootObject = B6762CAF26BB611F00E9A21F /* Project object */;
}
